
Microsoft Visual Studio Solution File, Format Version 12.00
# Visual Studio Version 16
VisualStudioVersion = 16.0.30320.27
MinimumVisualStudioVersion = 10.0.40219.1
Project("{FAE04EC0-301F-11D3-BF4B-00C04F79EFBC}") = "JRMDataManager", "JRMDataManager\JRMDataManager.csproj", "{2E14EFFF-DC02-4169-8ABF-71ED3FE9BB4E}"
EndProject
Global
	GlobalSection(SolutionConfigurationPlatforms) = preSolution
		Debug|Any CPU = Debug|Any CPU
		Release|Any CPU = Release|Any CPU
	EndGlobalSection
	GlobalSection(ProjectConfigurationPlatforms) = postSolution
		{2E14EFFF-DC02-4169-8ABF-71ED3FE9BB4E}.Debug|Any CPU.ActiveCfg = Debug|Any CPU
		{2E14EFFF-DC02-4169-8ABF-71ED3FE9BB4E}.Debug|Any CPU.Build.0 = Debug|Any CPU
		{2E14EFFF-DC02-4169-8ABF-71ED3FE9BB4E}.Release|Any CPU.ActiveCfg = Release|Any CPU
		{2E14EFFF-DC02-4169-8ABF-71ED3FE9BB4E}.Release|Any CPU.Build.0 = Release|Any CPU
	EndGlobalSection
	GlobalSection(SolutionProperties) = preSolution
		HideSolutionNode = FALSE
	EndGlobalSection
	GlobalSection(ExtensibilityGlobals) = postSolution
		SolutionGuid = {619AE783-105E-4ED4-9AD6-4A37A03E07B1}
	EndGlobalSection
EndGlobal
